
Microsoft Visual Studio Solution File, Format Version 12.00
# Visual Studio Version 17
VisualStudioVersion = 17.8.34511.84
MinimumVisualStudioVersion = 10.0.40219.1
Project("{FAE04EC0-301F-11D3-BF4B-00C04F79EFBC}") = "UsersChat", "UsersChat\UsersChat.csproj", "{F830D25D-D56C-421D-87FF-72482FE9CA0B}"
EndProject
Global
	GlobalSection(SolutionConfigurationPlatforms) = preSolution
		Debug|Any CPU = Debug|Any CPU
		Release|Any CPU = Release|Any CPU
	EndGlobalSection
	GlobalSection(ProjectConfigurationPlatforms) = postSolution
		{F830D25D-D56C-421D-87FF-72482FE9CA0B}.Debug|Any CPU.ActiveCfg = Debug|Any CPU
		{F830D25D-D56C-421D-87FF-72482FE9CA0B}.Debug|Any CPU.Build.0 = Debug|Any CPU
		{F830D25D-D56C-421D-87FF-72482FE9CA0B}.Release|Any CPU.ActiveCfg = Release|Any CPU
		{F830D25D-D56C-421D-87FF-72482FE9CA0B}.Release|Any CPU.Build.0 = Release|Any CPU
	EndGlobalSection
	GlobalSection(SolutionProperties) = preSolution
		HideSolutionNode = FALSE
	EndGlobalSection
	GlobalSection(ExtensibilityGlobals) = postSolution
		SolutionGuid = {84A79016-4207-4262-8E88-6FBECC944E99}
	EndGlobalSection
EndGlobal
